
Microsoft Visual Studio Solution File, Format Version 12.00
# Visual Studio Version 17
VisualStudioVersion = 17.10.35122.118
MinimumVisualStudioVersion = 10.0.40219.1
Project("{FAE04EC0-301F-11D3-BF4B-00C04F79EFBC}") = "Variables_Address", "Variables_Address\Variables_Address.csproj", "{F484A7BF-8FB2-4127-BD4B-BB4F6F780E20}"
EndProject
Global
	GlobalSection(SolutionConfigurationPlatforms) = preSolution
		Debug|Any CPU = Debug|Any CPU
		Release|Any CPU = Release|Any CPU
	EndGlobalSection
	GlobalSection(ProjectConfigurationPlatforms) = postSolution
		{F484A7BF-8FB2-4127-BD4B-BB4F6F780E20}.Debug|Any CPU.ActiveCfg = Debug|Any CPU
		{F484A7BF-8FB2-4127-BD4B-BB4F6F780E20}.Debug|Any CPU.Build.0 = Debug|Any CPU
		{F484A7BF-8FB2-4127-BD4B-BB4F6F780E20}.Release|Any CPU.ActiveCfg = Release|Any CPU
		{F484A7BF-8FB2-4127-BD4B-BB4F6F780E20}.Release|Any CPU.Build.0 = Release|Any CPU
	EndGlobalSection
	GlobalSection(SolutionProperties) = preSolution
		HideSolutionNode = FALSE
	EndGlobalSection
	GlobalSection(ExtensibilityGlobals) = postSolution
		SolutionGuid = {FB24F731-A441-434B-B934-AE16B4F01072}
	EndGlobalSection
EndGlobal
